
Microsoft Visual Studio Solution File, Format Version 12.00
# Visual Studio Version 17
VisualStudioVersion = 17.5.002.0
MinimumVisualStudioVersion = 10.0.40219.1
Project("{9A19103F-16F7-4668-BE54-9A1E7A4F7556}") = "crud", "crud.csproj", "{218AB5D9-F5D9-4335-9A80-E1DB0D3C0E9B}"
EndProject
Global
	GlobalSection(SolutionConfigurationPlatforms) = preSolution
		Debug|Any CPU = Debug|Any CPU
		Release|Any CPU = Release|Any CPU
	EndGlobalSection
	GlobalSection(ProjectConfigurationPlatforms) = postSolution
		{218AB5D9-F5D9-4335-9A80-E1DB0D3C0E9B}.Debug|Any CPU.ActiveCfg = Debug|Any CPU
		{218AB5D9-F5D9-4335-9A80-E1DB0D3C0E9B}.Debug|Any CPU.Build.0 = Debug|Any CPU
		{218AB5D9-F5D9-4335-9A80-E1DB0D3C0E9B}.Release|Any CPU.ActiveCfg = Release|Any CPU
		{218AB5D9-F5D9-4335-9A80-E1DB0D3C0E9B}.Release|Any CPU.Build.0 = Release|Any CPU
	EndGlobalSection
	GlobalSection(SolutionProperties) = preSolution
		HideSolutionNode = FALSE
	EndGlobalSection
	GlobalSection(ExtensibilityGlobals) = postSolution
		SolutionGuid = {A850E24D-5572-40C3-A724-F2176477EFC2}
	EndGlobalSection
EndGlobal
